// !$*UTF8*$!
{
	archiveVersion = 1;
	classes = {
	};
	objectVersion = 50;
	objects = {

/* Begin PBXBuildFile section */
		2FB93C33253CB1850010FCF1 /* FlowerPowerApp.swift in Sources */ = {isa = PBXBuildFile; fileRef = 2FB93C32253CB1850010FCF1 /* FlowerPowerApp.swift */; };
		2FB93C35253CB1850010FCF1 /* ContentView.swift in Sources */ = {isa = PBXBuildFile; fileRef = 2FB93C34253CB1850010FCF1 /* ContentView.swift */; };
		2FB93C37253CB1860010FCF1 /* Assets.xcassets in Resources */ = {isa = PBXBuildFile; fileRef = 2FB93C36253CB1860010FCF1 /* Assets.xcassets */; };
		2FB93C3A253CB1860010FCF1 /* Preview Assets.xcassets in Resources */ = {isa = PBXBuildFile; fileRef = 2FB93C39253CB1860010FCF1 /* Preview Assets.xcassets */; };
		2FB93C43253CB1A10010FCF1 /* Flower.swift in Sources */ = {isa = PBXBuildFile; fileRef = 2FB93C42253CB1A10010FCF1 /* Flower.swift */; };
		2FB93C46253CBD910010FCF1 /* BlurFadeModifier.swift in Sources */ = {isa = PBXBuildFile; fileRef = 2FB93C45253CBD910010FCF1 /* BlurFadeModifier.swift */; };
/* End PBXBuildFile section */

/* Begin PBXFileReference section */
		2FB93C2F253CB1850010FCF1 /* FlowerPower.app */ = {isa = PBXFileReference; explicitFileType = wrapper.application; includeInIndex = 0; path = FlowerPower.app; sourceTree = BUILT_PRODUCTS_DIR; };
		2FB93C32253CB1850010FCF1 /* FlowerPowerApp.swift */ = {isa = PBXFileReference; lastKnownFileType = sourcecode.swift; path = FlowerPowerApp.swift; sourceTree = "<group>"; };
		2FB93C34253CB1850010FCF1 /* ContentView.swift */ = {isa = PBXFileReference; lastKnownFileType = sourcecode.swift; path = ContentView.swift; sourceTree = "<group>"; };
		2FB93C36253CB1860010FCF1 /* Assets.xcassets */ = {isa = PBXFileReference; lastKnownFileType = folder.assetcatalog; path = Assets.xcassets; sourceTree = "<group>"; };
		2FB93C39253CB1860010FCF1 /* Preview Assets.xcassets */ = {isa = PBXFileReference; lastKnownFileType = folder.assetcatalog; path = "Preview Assets.xcassets"; sourceTree = "<group>"; };
		2FB93C3B253CB1860010FCF1 /* Info.plist */ = {isa = PBXFileReference; lastKnownFileType = text.plist.xml; path = Info.plist; sourceTree = "<group>"; };
		2FB93C42253CB1A10010FCF1 /* Flower.swift */ = {isa = PBXFileReference; lastKnownFileType = sourcecode.swift; path = Flower.swift; sourceTree = "<group>"; };
		2FB93C45253CBD910010FCF1 /* BlurFadeModifier.swift */ = {isa = PBXFileReference; lastKnownFileType = sourcecode.swift; path = BlurFadeModifier.swift; sourceTree = "<group>"; };
/* End PBXFileReference section */

/* Begin PBXFrameworksBuildPhase section */
		2FB93C2C253CB1850010FCF1 /* Frameworks */ = {
			isa = PBXFrameworksBuildPhase;
			buildActionMask = 2147483647;
			files = (
			);
			runOnlyForDeploymentPostprocessing = 0;
		};
/* End PBXFrameworksBuildPhase section */

/* Begin PBXGroup section */
		2FB93C26253CB1850010FCF1 = {
			isa = PBXGroup;
			children = (
				2FB93C31253CB1850010FCF1 /* FlowerPower */,
				2FB93C30253CB1850010FCF1 /* Products */,
			);
			sourceTree = "<group>";
		};
		2FB93C30253CB1850010FCF1 /* Products */ = {
			isa = PBXGroup;
			children = (
				2FB93C2F253CB1850010FCF1 /* FlowerPower.app */,
			);
			name = Products;
			sourceTree = "<group>";
		};
		2FB93C31253CB1850010FCF1 /* FlowerPower */ = {
			isa = PBXGroup;
			children = (
				2FB93C32253CB1850010FCF1 /* FlowerPowerApp.swift */,
				2FB93C34253CB1850010FCF1 /* ContentView.swift */,
				2FB93C36253CB1860010FCF1 /* Assets.xcassets */,
				2FB93C3B253CB1860010FCF1 /* Info.plist */,
				2FB93C38253CB1860010FCF1 /* Preview Content */,
				2FB93C42253CB1A10010FCF1 /* Flower.swift */,
				2FB93C45253CBD910010FCF1 /* BlurFadeModifier.swift */,
			);
			path = FlowerPower;
			sourceTree = "<group>";
		};
		2FB93C38253CB1860010FCF1 /* Preview Content */ = {
			isa = PBXGroup;
			children = (
				2FB93C39253CB1860010FCF1 /* Preview Assets.xcassets */,
			);
			path = "Preview Content";
			sourceTree = "<group>";
		};
/* End PBXGroup section */

/* Begin PBXNativeTarget section */
		2FB93C2E253CB1850010FCF1 /* FlowerPower */ = {
			isa = PBXNativeTarget;
			buildConfigurationList = 2FB93C3E253CB1860010FCF1 /* Build configuration list for PBXNativeTarget "FlowerPower" */;
			buildPhases = (
				2FB93C2B253CB1850010FCF1 /* Sources */,
				2FB93C2C253CB1850010FCF1 /* Frameworks */,
				2FB93C2D253CB1850010FCF1 /* Resources */,
			);
			buildRules = (
			);
			dependencies = (
			);
			name = FlowerPower;
			productName = FlowerPower;
			productReference = 2FB93C2F253CB1850010FCF1 /* FlowerPower.app */;
			productType = "com.apple.product-type.application";
		};
/* End PBXNativeTarget section */

/* Begin PBXProject section */
		2FB93C27253CB1850010FCF1 /* Project object */ = {
			isa = PBXProject;
			attributes = {
				LastSwiftUpdateCheck = 1200;
				LastUpgradeCheck = 1200;
				TargetAttributes = {
					2FB93C2E253CB1850010FCF1 = {
						CreatedOnToolsVersion = 12.0.1;
					};
				};
			};
			buildConfigurationList = 2FB93C2A253CB1850010FCF1 /* Build configuration list for PBXProject "FlowerPower" */;
			compatibilityVersion = "Xcode 9.3";
			developmentRegion = en;
			hasScannedForEncodings = 0;
			knownRegions = (
				en,
				Base,
			);
			mainGroup = 2FB93C26253CB1850010FCF1;
			productRefGroup = 2FB93C30253CB1850010FCF1 /* Products */;
			projectDirPath = "";
			projectRoot = "";
			targets = (
				2FB93C2E253CB1850010FCF1 /* FlowerPower */,
			);
		};
/* End PBXProject section */

/* Begin PBXResourcesBuildPhase section */
		2FB93C2D253CB1850010FCF1 /* Resources */ = {
			isa = PBXResourcesBuildPhase;
			buildActionMask = 2147483647;
			files = (
				2FB93C3A253CB1860010FCF1 /* Preview Assets.xcassets in Resources */,
				2FB93C37253CB1860010FCF1 /* Assets.xcassets in Resources */,
			);
			runOnlyForDeploymentPostprocessing = 0;
		};
/* End PBXResourcesBuildPhase section */

/* Begin PBXSourcesBuildPhase section */
		2FB93C2B253CB1850010FCF1 /* Sources */ = {
			isa = PBXSourcesBuildPhase;
			buildActionMask = 2147483647;
			files = (
				2FB93C35253CB1850010FCF1 /* ContentView.swift in Sources */,
				2FB93C46253CBD910010FCF1 /* BlurFadeModifier.swift in Sources */,
				2FB93C33253CB1850010FCF1 /* FlowerPowerApp.swift in Sources */,
				2FB93C43253CB1A10010FCF1 /* Flower.swift in Sources */,
			);
			runOnlyForDeploymentPostprocessing = 0;
		};
/* End PBXSourcesBuildPhase section */

/* Begin XCBuildConfiguration section */
		2FB93C3C253CB1860010FCF1 /* Debug */ = {
			isa = XCBuildConfiguration;
			buildSettings = {
				ALWAYS_SEARCH_USER_PATHS = NO;
				CLANG_ANALYZER_NONNULL = YES;
				CLANG_ANALYZER_NUMBER_OBJECT_CONVERSION = YES_AGGRESSIVE;
				CLANG_CXX_LANGUAGE_STANDARD = "gnu++14";
				CLANG_CXX_LIBRARY = "libc++";
				CLANG_ENABLE_MODULES = YES;
				CLANG_ENABLE_OBJC_ARC = YES;
				CLANG_ENABLE_OBJC_WEAK = YES;
				CLANG_WARN_BLOCK_CAPTURE_AUTORELEASING = YES;
				CLANG_WARN_BOOL_CONVERSION = YES;
				CLANG_WARN_COMMA = YES;
				CLANG_WARN_CONSTANT_CONVERSION = YES;
				CLANG_WARN_DEPRECATED_OBJC_IMPLEMENTATIONS = YES;
				CLANG_WARN_DIRECT_OBJC_ISA_USAGE = YES_ERROR;
				CLANG_WARN_DOCUMENTATION_COMMENTS = YES;
				CLANG_WARN_EMPTY_BODY = YES;
				CLANG_WARN_ENUM_CONVERSION = YES;
				CLANG_WARN_INFINITE_RECURSION = YES;
				CLANG_WARN_INT_CONVERSION = YES;
				CLANG_WARN_NON_LITERAL_NULL_CONVERSION = YES;
				CLANG_WARN_OBJC_IMPLICIT_RETAIN_SELF = YES;
				CLANG_WARN_OBJC_LITERAL_CONVERSION = YES;
				CLANG_WARN_OBJC_ROOT_CLASS = YES_ERROR;
				CLANG_WARN_QUOTED_INCLUDE_IN_FRAMEWORK_HEADER = YES;
				CLANG_WARN_RANGE_LOOP_ANALYSIS = YES;
				CLANG_WARN_STRICT_PROTOTYPES = YES;
				CLANG_WARN_SUSPICIOUS_MOVE = YES;
				CLANG_WARN_UNGUARDED_AVAILABILITY = YES_AGGRESSIVE;
				CLANG_WARN_UNREACHABLE_CODE = YES;
				CLANG_WARN__DUPLICATE_METHOD_MATCH = YES;
				COPY_PHASE_STRIP = NO;
				DEBUG_INFORMATION_FORMAT = dwarf;
				ENABLE_STRICT_OBJC_MSGSEND = YES;
				ENABLE_TESTABILITY = YES;
				GCC_C_LANGUAGE_STANDARD = gnu11;
				GCC_DYNAMIC_NO_PIC = NO;
				GCC_NO_COMMON_BLOCKS = YES;
				GCC_OPTIMIZATION_LEVEL = 0;
				GCC_PREPROCESSOR_DEFINITIONS = (
					"DEBUG=1",
					"$(inherited)",
				);
				GCC_WARN_64_TO_32_BIT_CONVERSION = YES;
				GCC_WARN_ABOUT_RETURN_TYPE = YES_ERROR;
				GCC_WARN_UNDECLARED_SELECTOR = YES;
				GCC_WARN_UNINITIALIZED_AUTOS = YES_AGGRESSIVE;
				GCC_WARN_UNUSED_FUNCTION = YES;
				GCC_WARN_UNUSED_VARIABLE = YES;
				IPHONEOS_DEPLOYMENT_TARGET = 14.0;
				MTL_ENABLE_DEBUG_INFO = INCLUDE_SOURCE;
				MTL_FAST_MATH = YES;
				ONLY_ACTIVE_ARCH = YES;
				SDKROOT = iphoneos;
				SWIFT_ACTIVE_COMPILATION_CONDITIONS = DEBUG;
				SWIFT_OPTIMIZATION_LEVEL = "-Onone";
			};
			name = Debug;
		};
		2FB93C3D253CB1860010FCF1 /* Release */ = {
			isa = XCBuildConfiguration;
			buildSettings = {
				ALWAYS_SEARCH_USER_PATHS = NO;
				CLANG_ANALYZER_NONNULL = YES;
				CLANG_ANALYZER_NUMBER_OBJECT_CONVERSION = YES_AGGRESSIVE;
				CLANG_CXX_LANGUAGE_STANDARD = "gnu++14";
				CLANG_CXX_LIBRARY = "libc++";
				CLANG_ENABLE_MODULES = YES;
				CLANG_ENABLE_OBJC_ARC = YES;
				CLANG_ENABLE_OBJC_WEAK = YES;
				CLANG_WARN_BLOCK_CAPTURE_AUTORELEASING = YES;
				CLANG_WARN_BOOL_CONVERSION = YES;
				CLANG_WARN_COMMA = YES;
				CLANG_WARN_CONSTANT_CONVERSION = YES;
				CLANG_WARN_DEPRECATED_OBJC_IMPLEMENTATIONS = YES;
				CLANG_WARN_DIRECT_OBJC_ISA_USAGE = YES_ERROR;
				CLANG_WARN_DOCUMENTATION_COMMENTS = YES;
				CLANG_WARN_EMPTY_BODY = YES;
				CLANG_WARN_ENUM_CONVERSION = YES;
				CLANG_WARN_INFINITE_RECURSION = YES;
				CLANG_WARN_INT_CONVERSION = YES;
				CLANG_WARN_NON_LITERAL_NULL_CONVERSION = YES;
				CLANG_WARN_OBJC_IMPLICIT_RETAIN_SELF = YES;
				CLANG_WARN_OBJC_LITERAL_CONVERSION = YES;
				CLANG_WARN_OBJC_ROOT_CLASS = YES_ERROR;
				CLANG_WARN_QUOTED_INCLUDE_IN_FRAMEWORK_HEADER = YES;
				CLANG_WARN_RANGE_LOOP_ANALYSIS = YES;
				CLANG_WARN_STRICT_PROTOTYPES = YES;
				CLANG_WARN_SUSPICIOUS_MOVE = YES;
				CLANG_WARN_UNGUARDED_AVAILABILITY = YES_AGGRESSIVE;
				CLANG_WARN_UNREACHABLE_CODE = YES;
				CLANG_WARN__DUPLICATE_METHOD_MATCH = YES;
				COPY_PHASE_STRIP = NO;
				DEBUG_INFORMATION_FORMAT = "dwarf-with-dsym";
				ENABLE_NS_ASSERTIONS = NO;
				ENABLE_STRICT_OBJC_MSGSEND = YES;
				GCC_C_LANGUAGE_STANDARD = gnu11;
				GCC_NO_COMMON_BLOCKS = YES;
				GCC_WARN_64_TO_32_BIT_CONVERSION = YES;
				GCC_WARN_ABOUT_RETURN_TYPE = YES_ERROR;
				GCC_WARN_UNDECLARED_SELECTOR = YES;
				GCC_WARN_UNINITIALIZED_AUTOS = YES_AGGRESSIVE;
				GCC_WARN_UNUSED_FUNCTION = YES;
				GCC_WARN_UNUSED_VARIABLE = YES;
				IPHONEOS_DEPLOYMENT_TARGET = 14.0;
				MTL_ENABLE_DEBUG_INFO = NO;
				MTL_FAST_MATH = YES;
				SDKROOT = iphoneos;
				SWIFT_COMPILATION_MODE = wholemodule;
				SWIFT_OPTIMIZATION_LEVEL = "-O";
				VALIDATE_PRODUCT = YES;
			};
			name = Release;
		};
		2FB93C3F253CB1860010FCF1 /* Debug */ = {
			isa = XCBuildConfiguration;
			buildSettings = {
				ASSETCATALOG_COMPILER_APPICON_NAME = AppIcon;
				ASSETCATALOG_COMPILER_GLOBAL_ACCENT_COLOR_NAME = AccentColor;
				CODE_SIGN_STYLE = Automatic;
				DEVELOPMENT_ASSET_PATHS = "\"FlowerPower/Preview Content\"";
				DEVELOPMENT_TEAM = F2W629S6B2;
				ENABLE_PREVIEWS = YES;
				INFOPLIST_FILE = FlowerPower/Info.plist;
				IPHONEOS_DEPLOYMENT_TARGET = 14.0;
				LD_RUNPATH_SEARCH_PATHS = (
					"$(inherited)",
					"@executable_path/Frameworks",
				);
				PRODUCT_BUNDLE_IDENTIFIER = com.tylerpoland.FlowerPower;
				PRODUCT_NAME = "$(TARGET_NAME)";
				SWIFT_VERSION = 5.0;
				TARGETED_DEVICE_FAMILY = "1,2";
			};
			name = Debug;
		};
		2FB93C40253CB1860010FCF1 /* Release */ = {
			isa = XCBuildConfiguration;
			buildSettings = {
				ASSETCATALOG_COMPILER_APPICON_NAME = AppIcon;
				ASSETCATALOG_COMPILER_GLOBAL_ACCENT_COLOR_NAME = AccentColor;
				CODE_SIGN_STYLE = Automatic;
				DEVELOPMENT_ASSET_PATHS = "\"FlowerPower/Preview Content\"";
				DEVELOPMENT_TEAM = F2W629S6B2;
				ENABLE_PREVIEWS = YES;
				INFOPLIST_FILE = FlowerPower/Info.plist;
				IPHONEOS_DEPLOYMENT_TARGET = 14.0;
				LD_RUNPATH_SEARCH_PATHS = (
					"$(inherited)",
					"@executable_path/Frameworks",
				);
				PRODUCT_BUNDLE_IDENTIFIER = com.tylerpoland.FlowerPower;
				PRODUCT_NAME = "$(TARGET_NAME)";
				SWIFT_VERSION = 5.0;
				TARGETED_DEVICE_FAMILY = "1,2";
			};
			name = Release;
		};
/* End XCBuildConfiguration section */

/* Begin XCConfigurationList section */
		2FB93C2A253CB1850010FCF1 /* Build configuration list for PBXProject "FlowerPower" */ = {
			isa = XCConfigurationList;
			buildConfigurations = (
				2FB93C3C253CB1860010FCF1 /* Debug */,
				2FB93C3D253CB1860010FCF1 /* Release */,
			);
			defaultConfigurationIsVisible = 0;
			defaultConfigurationName = Release;
		};
		2FB93C3E253CB1860010FCF1 /* Build configuration list for PBXNativeTarget "FlowerPower" */ = {
			isa = XCConfigurationList;
			buildConfigurations = (
				2FB93C3F253CB1860010FCF1 /* Debug */,
				2FB93C40253CB1860010FCF1 /* Release */,
			);
			defaultConfigurationIsVisible = 0;
			defaultConfigurationName = Release;
		};
/* End XCConfigurationList section */
	};
	rootObject = 2FB93C27253CB1850010FCF1 /* Project object */;
}
